
Microsoft Visual Studio Solution File, Format Version 12.00
# Visual Studio Version 17
VisualStudioVersion = 17.7.34031.279
MinimumVisualStudioVersion = 10.0.40219.1
Project("{8BC9CEB8-8B4A-11D0-8D11-00A0C91BC942}") = "Project1", "Project1\Project1.vcxproj", "{E7812F33-84AD-4AD1-B196-34E01EEF3456}"
EndProject
Project("{8BC9CEB8-8B4A-11D0-8D11-00A0C91BC942}") = "Project2", "Project2\Project2.vcxproj", "{9BA72DD4-B930-4C67-8A59-CCCE529A3DCF}"
EndProject
Project("{8BC9CEB8-8B4A-11D0-8D11-00A0C91BC942}") = "Project3", "Project3\Project3.vcxproj", "{4F244F72-B803-4539-9548-3CFC2004963A}"
EndProject
Project("{8BC9CEB8-8B4A-11D0-8D11-00A0C91BC942}") = "Project4", "Project4\Project4.vcxproj", "{63AC20CC-27C8-44AF-A80F-AE319E9C283F}"
EndProject
Project("{8BC9CEB8-8B4A-11D0-8D11-00A0C91BC942}") = "Project5", "Project5\Project5.vcxproj", "{367B9363-367D-4C1E-B08D-00681BC8A878}"
EndProject
Project("{8BC9CEB8-8B4A-11D0-8D11-00A0C91BC942}") = "Project6", "Project6\Project6.vcxproj", "{8CC60E1B-B3BA-4E13-8055-70B4976D1BD5}"
EndProject
Project("{8BC9CEB8-8B4A-11D0-8D11-00A0C91BC942}") = "Project7", "Project7\Project7.vcxproj", "{16EFA877-3FEA-47A6-8668-9E1F746CE7DF}"
EndProject
Project("{8BC9CEB8-8B4A-11D0-8D11-00A0C91BC942}") = "Project8", "Project8\Project8.vcxproj", "{FBB5EE68-23DC-4DA8-AC2F-3840CCC956AA}"
EndProject
Project("{8BC9CEB8-8B4A-11D0-8D11-00A0C91BC942}") = "Project9", "Project9\Project9.vcxproj", "{735863C9-4E87-4C3D-9FDC-28FDD3A1A1FF}"
EndProject
Project("{8BC9CEB8-8B4A-11D0-8D11-00A0C91BC942}") = "Project10", "Project10\Project10.vcxproj", "{402628C1-F7B1-4F90-ADF2-87AA3D33ACCB}"
EndProject
Project("{8BC9CEB8-8B4A-11D0-8D11-00A0C91BC942}") = "Project11", "Project11\Project11.vcxproj", "{24571BCD-E8EF-49CD-BE5E-EB7850701E82}"
EndProject
Project("{8BC9CEB8-8B4A-11D0-8D11-00A0C91BC942}") = "Project12", "Project12\Project12.vcxproj", "{F30A3D66-172A-4721-B5E3-EA057C7D7577}"
EndProject
Project("{8BC9CEB8-8B4A-11D0-8D11-00A0C91BC942}") = "Project13", "Project13\Project13.vcxproj", "{B5A093B4-8AE0-490B-8723-F5227327FE20}"
EndProject
Project("{8BC9CEB8-8B4A-11D0-8D11-00A0C91BC942}") = "Project14", "Project14\Project14.vcxproj", "{26B965D6-71EF-456D-8ADF-F0F83007FEC1}"
EndProject
Project("{8BC9CEB8-8B4A-11D0-8D11-00A0C91BC942}") = "Project15", "Project15\Project15.vcxproj", "{58016907-C4EF-4FEC-A8D6-3510E58DCCB5}"
EndProject
Project("{8BC9CEB8-8B4A-11D0-8D11-00A0C91BC942}") = "Project16", "Project16\Project16.vcxproj", "{3F4737DB-E383-48F4-934D-B761767240DF}"
EndProject
Global
	GlobalSection(SolutionConfigurationPlatforms) = preSolution
		Debug|x64 = Debug|x64
		Debug|x86 = Debug|x86
		Release|x64 = Release|x64
		Release|x86 = Release|x86
	EndGlobalSection
	GlobalSection(ProjectConfigurationPlatforms) = postSolution
		{E7812F33-84AD-4AD1-B196-34E01EEF3456}.Debug|x64.ActiveCfg = Debug|x64
		{E7812F33-84AD-4AD1-B196-34E01EEF3456}.Debug|x64.Build.0 = Debug|x64
		{E7812F33-84AD-4AD1-B196-34E01EEF3456}.Debug|x86.ActiveCfg = Debug|Win32
		{E7812F33-84AD-4AD1-B196-34E01EEF3456}.Debug|x86.Build.0 = Debug|Win32
		{E7812F33-84AD-4AD1-B196-34E01EEF3456}.Release|x64.ActiveCfg = Release|x64
		{E7812F33-84AD-4AD1-B196-34E01EEF3456}.Release|x64.Build.0 = Release|x64
		{E7812F33-84AD-4AD1-B196-34E01EEF3456}.Release|x86.ActiveCfg = Release|Win32
		{E7812F33-84AD-4AD1-B196-34E01EEF3456}.Release|x86.Build.0 = Release|Win32
		{9BA72DD4-B930-4C67-8A59-CCCE529A3DCF}.Debug|x64.ActiveCfg = Debug|x64
		{9BA72DD4-B930-4C67-8A59-CCCE529A3DCF}.Debug|x64.Build.0 = Debug|x64
		{9BA72DD4-B930-4C67-8A59-CCCE529A3DCF}.Debug|x86.ActiveCfg = Debug|Win32
		{9BA72DD4-B930-4C67-8A59-CCCE529A3DCF}.Debug|x86.Build.0 = Debug|Win32
		{9BA72DD4-B930-4C67-8A59-CCCE529A3DCF}.Release|x64.ActiveCfg = Release|x64
		{9BA72DD4-B930-4C67-8A59-CCCE529A3DCF}.Release|x64.Build.0 = Release|x64
		{9BA72DD4-B930-4C67-8A59-CCCE529A3DCF}.Release|x86.ActiveCfg = Release|Win32
		{9BA72DD4-B930-4C67-8A59-CCCE529A3DCF}.Release|x86.Build.0 = Release|Win32
		{4F244F72-B803-4539-9548-3CFC2004963A}.Debug|x64.ActiveCfg = Debug|x64
		{4F244F72-B803-4539-9548-3CFC2004963A}.Debug|x64.Build.0 = Debug|x64
		{4F244F72-B803-4539-9548-3CFC2004963A}.Debug|x86.ActiveCfg = Debug|Win32
		{4F244F72-B803-4539-9548-3CFC2004963A}.Debug|x86.Build.0 = Debug|Win32
		{4F244F72-B803-4539-9548-3CFC2004963A}.Release|x64.ActiveCfg = Release|x64
		{4F244F72-B803-4539-9548-3CFC2004963A}.Release|x64.Build.0 = Release|x64
		{4F244F72-B803-4539-9548-3CFC2004963A}.Release|x86.ActiveCfg = Release|Win32
		{4F244F72-B803-4539-9548-3CFC2004963A}.Release|x86.Build.0 = Release|Win32
		{63AC20CC-27C8-44AF-A80F-AE319E9C283F}.Debug|x64.ActiveCfg = Debug|x64
		{63AC20CC-27C8-44AF-A80F-AE319E9C283F}.Debug|x64.Build.0 = Debug|x64
		{63AC20CC-27C8-44AF-A80F-AE319E9C283F}.Debug|x86.ActiveCfg = Debug|Win32
		{63AC20CC-27C8-44AF-A80F-AE319E9C283F}.Debug|x86.Build.0 = Debug|Win32
		{63AC20CC-27C8-44AF-A80F-AE319E9C283F}.Release|x64.ActiveCfg = Release|x64
		{63AC20CC-27C8-44AF-A80F-AE319E9C283F}.Release|x64.Build.0 = Release|x64
		{63AC20CC-27C8-44AF-A80F-AE319E9C283F}.Release|x86.ActiveCfg = Release|Win32
		{63AC20CC-27C8-44AF-A80F-AE319E9C283F}.Release|x86.Build.0 = Release|Win32
		{367B9363-367D-4C1E-B08D-00681BC8A878}.Debug|x64.ActiveCfg = Debug|x64
		{367B9363-367D-4C1E-B08D-00681BC8A878}.Debug|x64.Build.0 = Debug|x64
		{367B9363-367D-4C1E-B08D-00681BC8A878}.Debug|x86.ActiveCfg = Debug|Win32
		{367B9363-367D-4C1E-B08D-00681BC8A878}.Debug|x86.Build.0 = Debug|Win32
		{367B9363-367D-4C1E-B08D-00681BC8A878}.Release|x64.ActiveCfg = Release|x64
		{367B9363-367D-4C1E-B08D-00681BC8A878}.Release|x64.Build.0 = Release|x64
		{367B9363-367D-4C1E-B08D-00681BC8A878}.Release|x86.ActiveCfg = Release|Win32
		{367B9363-367D-4C1E-B08D-00681BC8A878}.Release|x86.Build.0 = Release|Win32
		{8CC60E1B-B3BA-4E13-8055-70B4976D1BD5}.Debug|x64.ActiveCfg = Debug|x64
		{8CC60E1B-B3BA-4E13-8055-70B4976D1BD5}.Debug|x64.Build.0 = Debug|x64
		{8CC60E1B-B3BA-4E13-8055-70B4976D1BD5}.Debug|x86.ActiveCfg = Debug|Win32
		{8CC60E1B-B3BA-4E13-8055-70B4976D1BD5}.Debug|x86.Build.0 = Debug|Win32
		{8CC60E1B-B3BA-4E13-8055-70B4976D1BD5}.Release|x64.ActiveCfg = Release|x64
		{8CC60E1B-B3BA-4E13-8055-70B4976D1BD5}.Release|x64.Build.0 = Release|x64
		{8CC60E1B-B3BA-4E13-8055-70B4976D1BD5}.Release|x86.ActiveCfg = Release|Win32
		{8CC60E1B-B3BA-4E13-8055-70B4976D1BD5}.Release|x86.Build.0 = Release|Win32
		{16EFA877-3FEA-47A6-8668-9E1F746CE7DF}.Debug|x64.ActiveCfg = Debug|x64
		{16EFA877-3FEA-47A6-8668-9E1F746CE7DF}.Debug|x64.Build.0 = Debug|x64
		{16EFA877-3FEA-47A6-8668-9E1F746CE7DF}.Debug|x86.ActiveCfg = Debug|Win32
		{16EFA877-3FEA-47A6-8668-9E1F746CE7DF}.Debug|x86.Build.0 = Debug|Win32
		{16EFA877-3FEA-47A6-8668-9E1F746CE7DF}.Release|x64.ActiveCfg = Release|x64
		{16EFA877-3FEA-47A6-8668-9E1F746CE7DF}.Release|x64.Build.0 = Release|x64
		{16EFA877-3FEA-47A6-8668-9E1F746CE7DF}.Release|x86.ActiveCfg = Release|Win32
		{16EFA877-3FEA-47A6-8668-9E1F746CE7DF}.Release|x86.Build.0 = Release|Win32
		{FBB5EE68-23DC-4DA8-AC2F-3840CCC956AA}.Debug|x64.ActiveCfg = Debug|x64
		{FBB5EE68-23DC-4DA8-AC2F-3840CCC956AA}.Debug|x64.Build.0 = Debug|x64
		{FBB5EE68-23DC-4DA8-AC2F-3840CCC956AA}.Debug|x86.ActiveCfg = Debug|Win32
		{FBB5EE68-23DC-4DA8-AC2F-3840CCC956AA}.Debug|x86.Build.0 = Debug|Win32
		{FBB5EE68-23DC-4DA8-AC2F-3840CCC956AA}.Release|x64.ActiveCfg = Release|x64
		{FBB5EE68-23DC-4DA8-AC2F-3840CCC956AA}.Release|x64.Build.0 = Release|x64
		{FBB5EE68-23DC-4DA8-AC2F-3840CCC956AA}.Release|x86.ActiveCfg = Release|Win32
		{FBB5EE68-23DC-4DA8-AC2F-3840CCC956AA}.Release|x86.Build.0 = Release|Win32
		{735863C9-4E87-4C3D-9FDC-28FDD3A1A1FF}.Debug|x64.ActiveCfg = Debug|x64
		{735863C9-4E87-4C3D-9FDC-28FDD3A1A1FF}.Debug|x64.Build.0 = Debug|x64
		{735863C9-4E87-4C3D-9FDC-28FDD3A1A1FF}.Debug|x86.ActiveCfg = Debug|Win32
		{735863C9-4E87-4C3D-9FDC-28FDD3A1A1FF}.Debug|x86.Build.0 = Debug|Win32
		{735863C9-4E87-4C3D-9FDC-28FDD3A1A1FF}.Release|x64.ActiveCfg = Release|x64
		{735863C9-4E87-4C3D-9FDC-28FDD3A1A1FF}.Release|x64.Build.0 = Release|x64
		{735863C9-4E87-4C3D-9FDC-28FDD3A1A1FF}.Release|x86.ActiveCfg = Release|Win32
		{735863C9-4E87-4C3D-9FDC-28FDD3A1A1FF}.Release|x86.Build.0 = Release|Win32
		{402628C1-F7B1-4F90-ADF2-87AA3D33ACCB}.Debug|x64.ActiveCfg = Debug|x64
		{402628C1-F7B1-4F90-ADF2-87AA3D33ACCB}.Debug|x64.Build.0 = Debug|x64
		{402628C1-F7B1-4F90-ADF2-87AA3D33ACCB}.Debug|x86.ActiveCfg = Debug|Win32
		{402628C1-F7B1-4F90-ADF2-87AA3D33ACCB}.Debug|x86.Build.0 = Debug|Win32
		{402628C1-F7B1-4F90-ADF2-87AA3D33ACCB}.Release|x64.ActiveCfg = Release|x64
		{402628C1-F7B1-4F90-ADF2-87AA3D33ACCB}.Release|x64.Build.0 = Release|x64
		{402628C1-F7B1-4F90-ADF2-87AA3D33ACCB}.Release|x86.ActiveCfg = Release|Win32
		{402628C1-F7B1-4F90-ADF2-87AA3D33ACCB}.Release|x86.Build.0 = Release|Win32
		{24571BCD-E8EF-49CD-BE5E-EB7850701E82}.Debug|x64.ActiveCfg = Debug|x64
		{24571BCD-E8EF-49CD-BE5E-EB7850701E82}.Debug|x64.Build.0 = Debug|x64
		{24571BCD-E8EF-49CD-BE5E-EB7850701E82}.Debug|x86.ActiveCfg = Debug|Win32
		{24571BCD-E8EF-49CD-BE5E-EB7850701E82}.Debug|x86.Build.0 = Debug|Win32
		{24571BCD-E8EF-49CD-BE5E-EB7850701E82}.Release|x64.ActiveCfg = Release|x64
		{24571BCD-E8EF-49CD-BE5E-EB7850701E82}.Release|x64.Build.0 = Release|x64
		{24571BCD-E8EF-49CD-BE5E-EB7850701E82}.Release|x86.ActiveCfg = Release|Win32
		{24571BCD-E8EF-49CD-BE5E-EB7850701E82}.Release|x86.Build.0 = Release|Win32
		{F30A3D66-172A-4721-B5E3-EA057C7D7577}.Debug|x64.ActiveCfg = Debug|x64
		{F30A3D66-172A-4721-B5E3-EA057C7D7577}.Debug|x64.Build.0 = Debug|x64
		{F30A3D66-172A-4721-B5E3-EA057C7D7577}.Debug|x86.ActiveCfg = Debug|Win32
		{F30A3D66-172A-4721-B5E3-EA057C7D7577}.Debug|x86.Build.0 = Debug|Win32
		{F30A3D66-172A-4721-B5E3-EA057C7D7577}.Release|x64.ActiveCfg = Release|x64
		{F30A3D66-172A-4721-B5E3-EA057C7D7577}.Release|x64.Build.0 = Release|x64
		{F30A3D66-172A-4721-B5E3-EA057C7D7577}.Release|x86.ActiveCfg = Release|Win32
		{F30A3D66-172A-4721-B5E3-EA057C7D7577}.Release|x86.Build.0 = Release|Win32
		{B5A093B4-8AE0-490B-8723-F5227327FE20}.Debug|x64.ActiveCfg = Debug|x64
		{B5A093B4-8AE0-490B-8723-F5227327FE20}.Debug|x64.Build.0 = Debug|x64
		{B5A093B4-8AE0-490B-8723-F5227327FE20}.Debug|x86.ActiveCfg = Debug|Win32
		{B5A093B4-8AE0-490B-8723-F5227327FE20}.Debug|x86.Build.0 = Debug|Win32
		{B5A093B4-8AE0-490B-8723-F5227327FE20}.Release|x64.ActiveCfg = Release|x64
		{B5A093B4-8AE0-490B-8723-F5227327FE20}.Release|x64.Build.0 = Release|x64
		{B5A093B4-8AE0-490B-8723-F5227327FE20}.Release|x86.ActiveCfg = Release|Win32
		{B5A093B4-8AE0-490B-8723-F5227327FE20}.Release|x86.Build.0 = Release|Win32
		{26B965D6-71EF-456D-8ADF-F0F83007FEC1}.Debug|x64.ActiveCfg = Debug|x64
		{26B965D6-71EF-456D-8ADF-F0F83007FEC1}.Debug|x64.Build.0 = Debug|x64
		{26B965D6-71EF-456D-8ADF-F0F83007FEC1}.Debug|x86.ActiveCfg = Debug|Win32
		{26B965D6-71EF-456D-8ADF-F0F83007FEC1}.Debug|x86.Build.0 = Debug|Win32
		{26B965D6-71EF-456D-8ADF-F0F83007FEC1}.Release|x64.ActiveCfg = Release|x64
		{26B965D6-71EF-456D-8ADF-F0F83007FEC1}.Release|x64.Build.0 = Release|x64
		{26B965D6-71EF-456D-8ADF-F0F83007FEC1}.Release|x86.ActiveCfg = Release|Win32
		{26B965D6-71EF-456D-8ADF-F0F83007FEC1}.Release|x86.Build.0 = Release|Win32
		{58016907-C4EF-4FEC-A8D6-3510E58DCCB5}.Debug|x64.ActiveCfg = Debug|x64
		{58016907-C4EF-4FEC-A8D6-3510E58DCCB5}.Debug|x64.Build.0 = Debug|x64
		{58016907-C4EF-4FEC-A8D6-3510E58DCCB5}.Debug|x86.ActiveCfg = Debug|Win32
		{58016907-C4EF-4FEC-A8D6-3510E58DCCB5}.Debug|x86.Build.0 = Debug|Win32
		{58016907-C4EF-4FEC-A8D6-3510E58DCCB5}.Release|x64.ActiveCfg = Release|x64
		{58016907-C4EF-4FEC-A8D6-3510E58DCCB5}.Release|x64.Build.0 = Release|x64
		{58016907-C4EF-4FEC-A8D6-3510E58DCCB5}.Release|x86.ActiveCfg = Release|Win32
		{58016907-C4EF-4FEC-A8D6-3510E58DCCB5}.Release|x86.Build.0 = Release|Win32
		{3F4737DB-E383-48F4-934D-B761767240DF}.Debug|x64.ActiveCfg = Debug|x64
		{3F4737DB-E383-48F4-934D-B761767240DF}.Debug|x64.Build.0 = Debug|x64
		{3F4737DB-E383-48F4-934D-B761767240DF}.Debug|x86.ActiveCfg = Debug|Win32
		{3F4737DB-E383-48F4-934D-B761767240DF}.Debug|x86.Build.0 = Debug|Win32
		{3F4737DB-E383-48F4-934D-B761767240DF}.Release|x64.ActiveCfg = Release|x64
		{3F4737DB-E383-48F4-934D-B761767240DF}.Release|x64.Build.0 = Release|x64
		{3F4737DB-E383-48F4-934D-B761767240DF}.Release|x86.ActiveCfg = Release|Win32
		{3F4737DB-E383-48F4-934D-B761767240DF}.Release|x86.Build.0 = Release|Win32
	EndGlobalSection
	GlobalSection(SolutionProperties) = preSolution
		HideSolutionNode = FALSE
	EndGlobalSection
	GlobalSection(ExtensibilityGlobals) = postSolution
		SolutionGuid = {A65DC689-6076-4590-9AEC-8B4601FCC283}
	EndGlobalSection
EndGlobal
